// !$*UTF8*$!
{
	archiveVersion = 1;
	classes = {
	};
	objectVersion = 55;
	objects = {

/* Begin PBXBuildFile section */
		06E556A91C3EE4F68CAF1F4B /* Pods_NF_NFUITests.framework in Frameworks */ = {isa = PBXBuildFile; fileRef = 29C9DFF7FEDE60212BA9407F /* Pods_NF_NFUITests.framework */; };
		76D9D6393829634037F248B8 /* Pods_NF.framework in Frameworks */ = {isa = PBXBuildFile; fileRef = FB26CFD681979D33DB552DB0 /* Pods_NF.framework */; };
		E308782F278A39AC00F73D76 /* constants.swift in Sources */ = {isa = PBXBuildFile; fileRef = E308782E278A39AC00F73D76 /* constants.swift */; };
		E3087834278A3ABE00F73D76 /* LoginViewController.swift in Sources */ = {isa = PBXBuildFile; fileRef = E3087833278A3ABE00F73D76 /* LoginViewController.swift */; };
		E3087836278A43AF00F73D76 /* utilities.swift in Sources */ = {isa = PBXBuildFile; fileRef = E3087835278A43AF00F73D76 /* utilities.swift */; };
		E3087839278A492C00F73D76 /* loginModel.swift in Sources */ = {isa = PBXBuildFile; fileRef = E3087838278A492C00F73D76 /* loginModel.swift */; };
		E308783B278A49B600F73D76 /* APIManager.swift in Sources */ = {isa = PBXBuildFile; fileRef = E308783A278A49B600F73D76 /* APIManager.swift */; };
		E33A0ADB278F527F00FD9E19 /* DashboardViewController.swift in Sources */ = {isa = PBXBuildFile; fileRef = E33A0ADA278F527F00FD9E19 /* DashboardViewController.swift */; };
		E33A0ADD278F5A7400FD9E19 /* FavorTableViewCell.swift in Sources */ = {isa = PBXBuildFile; fileRef = E33A0ADC278F5A7400FD9E19 /* FavorTableViewCell.swift */; };
		E33A0ADF278F5AC800FD9E19 /* favorModel.swift in Sources */ = {isa = PBXBuildFile; fileRef = E33A0ADE278F5AC800FD9E19 /* favorModel.swift */; };
		E33A0AE2278F5C5200FD9E19 /* NeedToFix.rtf in Resources */ = {isa = PBXBuildFile; fileRef = E33A0AE1278F5C5200FD9E19 /* NeedToFix.rtf */; };
		E35F6D75278A1E2D00BA4686 /* AppDelegate.swift in Sources */ = {isa = PBXBuildFile; fileRef = E35F6D74278A1E2D00BA4686 /* AppDelegate.swift */; };
		E35F6D77278A1E2D00BA4686 /* SceneDelegate.swift in Sources */ = {isa = PBXBuildFile; fileRef = E35F6D76278A1E2D00BA4686 /* SceneDelegate.swift */; };
		E35F6D79278A1E2D00BA4686 /* ViewController.swift in Sources */ = {isa = PBXBuildFile; fileRef = E35F6D78278A1E2D00BA4686 /* ViewController.swift */; };
		E35F6D7C278A1E2D00BA4686 /* Main.storyboard in Resources */ = {isa = PBXBuildFile; fileRef = E35F6D7A278A1E2D00BA4686 /* Main.storyboard */; };
		E35F6D7E278A1E2E00BA4686 /* Assets.xcassets in Resources */ = {isa = PBXBuildFile; fileRef = E35F6D7D278A1E2E00BA4686 /* Assets.xcassets */; };
		E35F6D81278A1E2E00BA4686 /* LaunchScreen.storyboard in Resources */ = {isa = PBXBuildFile; fileRef = E35F6D7F278A1E2E00BA4686 /* LaunchScreen.storyboard */; };
		E35F6D8C278A1E2E00BA4686 /* NFTests.swift in Sources */ = {isa = PBXBuildFile; fileRef = E35F6D8B278A1E2E00BA4686 /* NFTests.swift */; };
		E35F6D96278A1E2E00BA4686 /* NFUITests.swift in Sources */ = {isa = PBXBuildFile; fileRef = E35F6D95278A1E2E00BA4686 /* NFUITests.swift */; };
		E35F6D98278A1E2E00BA4686 /* NFUITestsLaunchTests.swift in Sources */ = {isa = PBXBuildFile; fileRef = E35F6D97278A1E2E00BA4686 /* NFUITestsLaunchTests.swift */; };
		E3F413E8278E94A8002018F8 /* registerModel.swift in Sources */ = {isa = PBXBuildFile; fileRef = E3F413E7278E94A8002018F8 /* registerModel.swift */; };
		E3F413EA278E94BB002018F8 /* RegisterViewController.swift in Sources */ = {isa = PBXBuildFile; fileRef = E3F413E9278E94BB002018F8 /* RegisterViewController.swift */; };
		E3F413EC278E94D6002018F8 /* RegisterTableViewCell.swift in Sources */ = {isa = PBXBuildFile; fileRef = E3F413EB278E94D6002018F8 /* RegisterTableViewCell.swift */; };
		F0668EB8FF8ED5A7D52B5620 /* Pods_NFTests.framework in Frameworks */ = {isa = PBXBuildFile; fileRef = 4304A7B6F82578A9974F8D4D /* Pods_NFTests.framework */; };
/* End PBXBuildFile section */

/* Begin PBXContainerItemProxy section */
		E35F6D88278A1E2E00BA4686 /* PBXContainerItemProxy */ = {
			isa = PBXContainerItemProxy;
			containerPortal = E35F6D69278A1E2D00BA4686 /* Project object */;
			proxyType = 1;
			remoteGlobalIDString = E35F6D70278A1E2D00BA4686;
			remoteInfo = NF;
		};
		E35F6D92278A1E2E00BA4686 /* PBXContainerItemProxy */ = {
			isa = PBXContainerItemProxy;
			containerPortal = E35F6D69278A1E2D00BA4686 /* Project object */;
			proxyType = 1;
			remoteGlobalIDString = E35F6D70278A1E2D00BA4686;
			remoteInfo = NF;
		};
/* End PBXContainerItemProxy section */

/* Begin PBXFileReference section */
		15B698A0A0252EA51C8BCF9E /* Pods-NF-NFUITests.debug.xcconfig */ = {isa = PBXFileReference; includeInIndex = 1; lastKnownFileType = text.xcconfig; name = "Pods-NF-NFUITests.debug.xcconfig"; path = "Target Support Files/Pods-NF-NFUITests/Pods-NF-NFUITests.debug.xcconfig"; sourceTree = "<group>"; };
		29C9DFF7FEDE60212BA9407F /* Pods_NF_NFUITests.framework */ = {isa = PBXFileReference; explicitFileType = wrapper.framework; includeInIndex = 0; path = Pods_NF_NFUITests.framework; sourceTree = BUILT_PRODUCTS_DIR; };
		3424E3E64F482CFE02603D78 /* Pods-NFTests.debug.xcconfig */ = {isa = PBXFileReference; includeInIndex = 1; lastKnownFileType = text.xcconfig; name = "Pods-NFTests.debug.xcconfig"; path = "Target Support Files/Pods-NFTests/Pods-NFTests.debug.xcconfig"; sourceTree = "<group>"; };
		3C630F1B99DEA357676C2C1A /* Pods-NFTests.release.xcconfig */ = {isa = PBXFileReference; includeInIndex = 1; lastKnownFileType = text.xcconfig; name = "Pods-NFTests.release.xcconfig"; path = "Target Support Files/Pods-NFTests/Pods-NFTests.release.xcconfig"; sourceTree = "<group>"; };
		4304A7B6F82578A9974F8D4D /* Pods_NFTests.framework */ = {isa = PBXFileReference; explicitFileType = wrapper.framework; includeInIndex = 0; path = Pods_NFTests.framework; sourceTree = BUILT_PRODUCTS_DIR; };
		44B52BC035111E298F3816E1 /* Pods-NF.debug.xcconfig */ = {isa = PBXFileReference; includeInIndex = 1; lastKnownFileType = text.xcconfig; name = "Pods-NF.debug.xcconfig"; path = "Target Support Files/Pods-NF/Pods-NF.debug.xcconfig"; sourceTree = "<group>"; };
		5374AD4F2C02162767C1EB8A /* Pods-NF.release.xcconfig */ = {isa = PBXFileReference; includeInIndex = 1; lastKnownFileType = text.xcconfig; name = "Pods-NF.release.xcconfig"; path = "Target Support Files/Pods-NF/Pods-NF.release.xcconfig"; sourceTree = "<group>"; };
		A1B7F6DE2698E7840E58CD5E /* Pods-NF-NFUITests.release.xcconfig */ = {isa = PBXFileReference; includeInIndex = 1; lastKnownFileType = text.xcconfig; name = "Pods-NF-NFUITests.release.xcconfig"; path = "Target Support Files/Pods-NF-NFUITests/Pods-NF-NFUITests.release.xcconfig"; sourceTree = "<group>"; };
		E308782E278A39AC00F73D76 /* constants.swift */ = {isa = PBXFileReference; lastKnownFileType = sourcecode.swift; path = constants.swift; sourceTree = "<group>"; };
		E3087833278A3ABE00F73D76 /* LoginViewController.swift */ = {isa = PBXFileReference; lastKnownFileType = sourcecode.swift; path = LoginViewController.swift; sourceTree = "<group>"; };
		E3087835278A43AF00F73D76 /* utilities.swift */ = {isa = PBXFileReference; lastKnownFileType = sourcecode.swift; path = utilities.swift; sourceTree = "<group>"; };
		E3087838278A492C00F73D76 /* loginModel.swift */ = {isa = PBXFileReference; lastKnownFileType = sourcecode.swift; path = loginModel.swift; sourceTree = "<group>"; };
		E308783A278A49B600F73D76 /* APIManager.swift */ = {isa = PBXFileReference; lastKnownFileType = sourcecode.swift; path = APIManager.swift; sourceTree = "<group>"; };
		E33A0ADA278F527F00FD9E19 /* DashboardViewController.swift */ = {isa = PBXFileReference; lastKnownFileType = sourcecode.swift; path = DashboardViewController.swift; sourceTree = "<group>"; };
		E33A0ADC278F5A7400FD9E19 /* FavorTableViewCell.swift */ = {isa = PBXFileReference; lastKnownFileType = sourcecode.swift; path = FavorTableViewCell.swift; sourceTree = "<group>"; };
		E33A0ADE278F5AC800FD9E19 /* favorModel.swift */ = {isa = PBXFileReference; lastKnownFileType = sourcecode.swift; path = favorModel.swift; sourceTree = "<group>"; };
		E33A0AE1278F5C5200FD9E19 /* NeedToFix.rtf */ = {isa = PBXFileReference; lastKnownFileType = text.rtf; path = NeedToFix.rtf; sourceTree = "<group>"; };
		E35F6D71278A1E2D00BA4686 /* NF.app */ = {isa = PBXFileReference; explicitFileType = wrapper.application; includeInIndex = 0; path = NF.app; sourceTree = BUILT_PRODUCTS_DIR; };
		E35F6D74278A1E2D00BA4686 /* AppDelegate.swift */ = {isa = PBXFileReference; lastKnownFileType = sourcecode.swift; path = AppDelegate.swift; sourceTree = "<group>"; };
		E35F6D76278A1E2D00BA4686 /* SceneDelegate.swift */ = {isa = PBXFileReference; lastKnownFileType = sourcecode.swift; path = SceneDelegate.swift; sourceTree = "<group>"; };
		E35F6D78278A1E2D00BA4686 /* ViewController.swift */ = {isa = PBXFileReference; lastKnownFileType = sourcecode.swift; path = ViewController.swift; sourceTree = "<group>"; };
		E35F6D7B278A1E2D00BA4686 /* Base */ = {isa = PBXFileReference; lastKnownFileType = file.storyboard; name = Base; path = Base.lproj/Main.storyboard; sourceTree = "<group>"; };
		E35F6D7D278A1E2E00BA4686 /* Assets.xcassets */ = {isa = PBXFileReference; lastKnownFileType = folder.assetcatalog; path = Assets.xcassets; sourceTree = "<group>"; };
		E35F6D80278A1E2E00BA4686 /* Base */ = {isa = PBXFileReference; lastKnownFileType = file.storyboard; name = Base; path = Base.lproj/LaunchScreen.storyboard; sourceTree = "<group>"; };
		E35F6D82278A1E2E00BA4686 /* Info.plist */ = {isa = PBXFileReference; lastKnownFileType = text.plist.xml; path = Info.plist; sourceTree = "<group>"; };
		E35F6D87278A1E2E00BA4686 /* NFTests.xctest */ = {isa = PBXFileReference; explicitFileType = wrapper.cfbundle; includeInIndex = 0; path = NFTests.xctest; sourceTree = BUILT_PRODUCTS_DIR; };
		E35F6D8B278A1E2E00BA4686 /* NFTests.swift */ = {isa = PBXFileReference; lastKnownFileType = sourcecode.swift; path = NFTests.swift; sourceTree = "<group>"; };
		E35F6D91278A1E2E00BA4686 /* NFUITests.xctest */ = {isa = PBXFileReference; explicitFileType = wrapper.cfbundle; includeInIndex = 0; path = NFUITests.xctest; sourceTree = BUILT_PRODUCTS_DIR; };
		E35F6D95278A1E2E00BA4686 /* NFUITests.swift */ = {isa = PBXFileReference; lastKnownFileType = sourcecode.swift; path = NFUITests.swift; sourceTree = "<group>"; };
		E35F6D97278A1E2E00BA4686 /* NFUITestsLaunchTests.swift */ = {isa = PBXFileReference; lastKnownFileType = sourcecode.swift; path = NFUITestsLaunchTests.swift; sourceTree = "<group>"; };
		E3F413E7278E94A8002018F8 /* registerModel.swift */ = {isa = PBXFileReference; lastKnownFileType = sourcecode.swift; path = registerModel.swift; sourceTree = "<group>"; };
		E3F413E9278E94BB002018F8 /* RegisterViewController.swift */ = {isa = PBXFileReference; lastKnownFileType = sourcecode.swift; path = RegisterViewController.swift; sourceTree = "<group>"; };
		E3F413EB278E94D6002018F8 /* RegisterTableViewCell.swift */ = {isa = PBXFileReference; lastKnownFileType = sourcecode.swift; path = RegisterTableViewCell.swift; sourceTree = "<group>"; };
		FB26CFD681979D33DB552DB0 /* Pods_NF.framework */ = {isa = PBXFileReference; explicitFileType = wrapper.framework; includeInIndex = 0; path = Pods_NF.framework; sourceTree = BUILT_PRODUCTS_DIR; };
/* End PBXFileReference section */

/* Begin PBXFrameworksBuildPhase section */
		E35F6D6E278A1E2D00BA4686 /* Frameworks */ = {
			isa = PBXFrameworksBuildPhase;
			buildActionMask = 2147483647;
			files = (
				76D9D6393829634037F248B8 /* Pods_NF.framework in Frameworks */,
			);
			runOnlyForDeploymentPostprocessing = 0;
		};
		E35F6D84278A1E2E00BA4686 /* Frameworks */ = {
			isa = PBXFrameworksBuildPhase;
			buildActionMask = 2147483647;
			files = (
				F0668EB8FF8ED5A7D52B5620 /* Pods_NFTests.framework in Frameworks */,
			);
			runOnlyForDeploymentPostprocessing = 0;
		};
		E35F6D8E278A1E2E00BA4686 /* Frameworks */ = {
			isa = PBXFrameworksBuildPhase;
			buildActionMask = 2147483647;
			files = (
				06E556A91C3EE4F68CAF1F4B /* Pods_NF_NFUITests.framework in Frameworks */,
			);
			runOnlyForDeploymentPostprocessing = 0;
		};
/* End PBXFrameworksBuildPhase section */

/* Begin PBXGroup section */
		612DF752334623E80A461532 /* Pods */ = {
			isa = PBXGroup;
			children = (
				44B52BC035111E298F3816E1 /* Pods-NF.debug.xcconfig */,
				5374AD4F2C02162767C1EB8A /* Pods-NF.release.xcconfig */,
				15B698A0A0252EA51C8BCF9E /* Pods-NF-NFUITests.debug.xcconfig */,
				A1B7F6DE2698E7840E58CD5E /* Pods-NF-NFUITests.release.xcconfig */,
				3424E3E64F482CFE02603D78 /* Pods-NFTests.debug.xcconfig */,
				3C630F1B99DEA357676C2C1A /* Pods-NFTests.release.xcconfig */,
			);
			path = Pods;
			sourceTree = "<group>";
		};
		9A25A498E7D8B4E1D1AAA741 /* Frameworks */ = {
			isa = PBXGroup;
			children = (
				FB26CFD681979D33DB552DB0 /* Pods_NF.framework */,
				29C9DFF7FEDE60212BA9407F /* Pods_NF_NFUITests.framework */,
				4304A7B6F82578A9974F8D4D /* Pods_NFTests.framework */,
			);
			name = Frameworks;
			sourceTree = "<group>";
		};
		E308782D278A399C00F73D76 /* Modal */ = {
			isa = PBXGroup;
			children = (
				E308782E278A39AC00F73D76 /* constants.swift */,
				E3087835278A43AF00F73D76 /* utilities.swift */,
			);
			path = Modal;
			sourceTree = "<group>";
		};
		E3087830278A3A7700F73D76 /* Login */ = {
			isa = PBXGroup;
			children = (
				E3087833278A3ABE00F73D76 /* LoginViewController.swift */,
			);
			path = Login;
			sourceTree = "<group>";
		};
		E3087832278A3A9000F73D76 /* API */ = {
			isa = PBXGroup;
			children = (
				E308783A278A49B600F73D76 /* APIManager.swift */,
			);
			path = API;
			sourceTree = "<group>";
		};
		E3087837278A492000F73D76 /* Model */ = {
			isa = PBXGroup;
			children = (
				E3087838278A492C00F73D76 /* loginModel.swift */,
				E3F413E7278E94A8002018F8 /* registerModel.swift */,
				E33A0ADE278F5AC800FD9E19 /* favorModel.swift */,
			);
			path = Model;
			sourceTree = "<group>";
		};
		E33A0AD9278F522C00FD9E19 /* Dashboard */ = {
			isa = PBXGroup;
			children = (
				E33A0ADA278F527F00FD9E19 /* DashboardViewController.swift */,
				E33A0ADC278F5A7400FD9E19 /* FavorTableViewCell.swift */,
			);
			path = Dashboard;
			sourceTree = "<group>";
		};
		E33A0AE0278F5C3500FD9E19 /* FIXES */ = {
			isa = PBXGroup;
			children = (
				E33A0AE1278F5C5200FD9E19 /* NeedToFix.rtf */,
			);
			path = FIXES;
			sourceTree = "<group>";
		};
		E35F6D68278A1E2D00BA4686 = {
			isa = PBXGroup;
			children = (
				E35F6D73278A1E2D00BA4686 /* NF */,
				E35F6D8A278A1E2E00BA4686 /* NFTests */,
				E35F6D94278A1E2E00BA4686 /* NFUITests */,
				E35F6D72278A1E2D00BA4686 /* Products */,
				612DF752334623E80A461532 /* Pods */,
				9A25A498E7D8B4E1D1AAA741 /* Frameworks */,
			);
			sourceTree = "<group>";
		};
		E35F6D72278A1E2D00BA4686 /* Products */ = {
			isa = PBXGroup;
			children = (
				E35F6D71278A1E2D00BA4686 /* NF.app */,
				E35F6D87278A1E2E00BA4686 /* NFTests.xctest */,
				E35F6D91278A1E2E00BA4686 /* NFUITests.xctest */,
			);
			name = Products;
			sourceTree = "<group>";
		};
		E35F6D73278A1E2D00BA4686 /* NF */ = {
			isa = PBXGroup;
			children = (
				E33A0AE0278F5C3500FD9E19 /* FIXES */,
				E33A0AD9278F522C00FD9E19 /* Dashboard */,
				E3F413E6278E93B6002018F8 /* Register */,
				E3087837278A492000F73D76 /* Model */,
				E3087832278A3A9000F73D76 /* API */,
				E3087830278A3A7700F73D76 /* Login */,
				E308782D278A399C00F73D76 /* Modal */,
				E35F6DA4278A29FD00BA4686 /* defaultFiles */,
				E35F6D7A278A1E2D00BA4686 /* Main.storyboard */,
				E35F6D7D278A1E2E00BA4686 /* Assets.xcassets */,
				E35F6D7F278A1E2E00BA4686 /* LaunchScreen.storyboard */,
				E35F6D82278A1E2E00BA4686 /* Info.plist */,
			);
			path = NF;
			sourceTree = "<group>";
		};
		E35F6D8A278A1E2E00BA4686 /* NFTests */ = {
			isa = PBXGroup;
			children = (
				E35F6D8B278A1E2E00BA4686 /* NFTests.swift */,
			);
			path = NFTests;
			sourceTree = "<group>";
		};
		E35F6D94278A1E2E00BA4686 /* NFUITests */ = {
			isa = PBXGroup;
			children = (
				E35F6D95278A1E2E00BA4686 /* NFUITests.swift */,
				E35F6D97278A1E2E00BA4686 /* NFUITestsLaunchTests.swift */,
			);
			path = NFUITests;
			sourceTree = "<group>";
		};
		E35F6DA4278A29FD00BA4686 /* defaultFiles */ = {
			isa = PBXGroup;
			children = (
				E35F6D74278A1E2D00BA4686 /* AppDelegate.swift */,
				E35F6D76278A1E2D00BA4686 /* SceneDelegate.swift */,
				E35F6D78278A1E2D00BA4686 /* ViewController.swift */,
			);
			path = defaultFiles;
			sourceTree = "<group>";
		};
		E3F413E6278E93B6002018F8 /* Register */ = {
			isa = PBXGroup;
			children = (
				E3F413E9278E94BB002018F8 /* RegisterViewController.swift */,
				E3F413EB278E94D6002018F8 /* RegisterTableViewCell.swift */,
			);
			path = Register;
			sourceTree = "<group>";
		};
/* End PBXGroup section */

/* Begin PBXNativeTarget section */
		E35F6D70278A1E2D00BA4686 /* NF */ = {
			isa = PBXNativeTarget;
			buildConfigurationList = E35F6D9B278A1E2E00BA4686 /* Build configuration list for PBXNativeTarget "NF" */;
			buildPhases = (
				738AF7A020F19BFA8A9DB600 /* [CP] Check Pods Manifest.lock */,
				E35F6D6D278A1E2D00BA4686 /* Sources */,
				E35F6D6E278A1E2D00BA4686 /* Frameworks */,
				E35F6D6F278A1E2D00BA4686 /* Resources */,
				33A5025779571E7C67F7EF7A /* [CP] Embed Pods Frameworks */,
			);
			buildRules = (
			);
			dependencies = (
			);
			name = NF;
			productName = NF;
			productReference = E35F6D71278A1E2D00BA4686 /* NF.app */;
			productType = "com.apple.product-type.application";
		};
		E35F6D86278A1E2E00BA4686 /* NFTests */ = {
			isa = PBXNativeTarget;
			buildConfigurationList = E35F6D9E278A1E2E00BA4686 /* Build configuration list for PBXNativeTarget "NFTests" */;
			buildPhases = (
				0C009DEF211EAEE89BC13116 /* [CP] Check Pods Manifest.lock */,
				E35F6D83278A1E2E00BA4686 /* Sources */,
				E35F6D84278A1E2E00BA4686 /* Frameworks */,
				E35F6D85278A1E2E00BA4686 /* Resources */,
			);
			buildRules = (
			);
			dependencies = (
				E35F6D89278A1E2E00BA4686 /* PBXTargetDependency */,
			);
			name = NFTests;
			productName = NFTests;
			productReference = E35F6D87278A1E2E00BA4686 /* NFTests.xctest */;
			productType = "com.apple.product-type.bundle.unit-test";
		};
		E35F6D90278A1E2E00BA4686 /* NFUITests */ = {
			isa = PBXNativeTarget;
			buildConfigurationList = E35F6DA1278A1E2E00BA4686 /* Build configuration list for PBXNativeTarget "NFUITests" */;
			buildPhases = (
				C097881E26D21278C2CEADE1 /* [CP] Check Pods Manifest.lock */,
				E35F6D8D278A1E2E00BA4686 /* Sources */,
				E35F6D8E278A1E2E00BA4686 /* Frameworks */,
				E35F6D8F278A1E2E00BA4686 /* Resources */,
				B3EE521D43ADCE6BEF77214F /* [CP] Embed Pods Frameworks */,
			);
			buildRules = (
			);
			dependencies = (
				E35F6D93278A1E2E00BA4686 /* PBXTargetDependency */,
			);
			name = NFUITests;
			productName = NFUITests;
			productReference = E35F6D91278A1E2E00BA4686 /* NFUITests.xctest */;
			productType = "com.apple.product-type.bundle.ui-testing";
		};
/* End PBXNativeTarget section */

/* Begin PBXProject section */
		E35F6D69278A1E2D00BA4686 /* Project object */ = {
			isa = PBXProject;
			attributes = {
				BuildIndependentTargetsInParallel = 1;
				LastSwiftUpdateCheck = 1320;
				LastUpgradeCheck = 1320;
				TargetAttributes = {
					E35F6D70278A1E2D00BA4686 = {
						CreatedOnToolsVersion = 13.2.1;
					};
					E35F6D86278A1E2E00BA4686 = {
						CreatedOnToolsVersion = 13.2.1;
						TestTargetID = E35F6D70278A1E2D00BA4686;
					};
					E35F6D90278A1E2E00BA4686 = {
						CreatedOnToolsVersion = 13.2.1;
						TestTargetID = E35F6D70278A1E2D00BA4686;
					};
				};
			};
			buildConfigurationList = E35F6D6C278A1E2D00BA4686 /* Build configuration list for PBXProject "NF" */;
			compatibilityVersion = "Xcode 13.0";
			developmentRegion = en;
			hasScannedForEncodings = 0;
			knownRegions = (
				en,
				Base,
			);
			mainGroup = E35F6D68278A1E2D00BA4686;
			productRefGroup = E35F6D72278A1E2D00BA4686 /* Products */;
			projectDirPath = "";
			projectRoot = "";
			targets = (
				E35F6D70278A1E2D00BA4686 /* NF */,
				E35F6D86278A1E2E00BA4686 /* NFTests */,
				E35F6D90278A1E2E00BA4686 /* NFUITests */,
			);
		};
/* End PBXProject section */

/* Begin PBXResourcesBuildPhase section */
		E35F6D6F278A1E2D00BA4686 /* Resources */ = {
			isa = PBXResourcesBuildPhase;
			buildActionMask = 2147483647;
			files = (
				E35F6D81278A1E2E00BA4686 /* LaunchScreen.storyboard in Resources */,
				E33A0AE2278F5C5200FD9E19 /* NeedToFix.rtf in Resources */,
				E35F6D7E278A1E2E00BA4686 /* Assets.xcassets in Resources */,
				E35F6D7C278A1E2D00BA4686 /* Main.storyboard in Resources */,
			);
			runOnlyForDeploymentPostprocessing = 0;
		};
		E35F6D85278A1E2E00BA4686 /* Resources */ = {
			isa = PBXResourcesBuildPhase;
			buildActionMask = 2147483647;
			files = (
			);
			runOnlyForDeploymentPostprocessing = 0;
		};
		E35F6D8F278A1E2E00BA4686 /* Resources */ = {
			isa = PBXResourcesBuildPhase;
			buildActionMask = 2147483647;
			files = (
			);
			runOnlyForDeploymentPostprocessing = 0;
		};
/* End PBXResourcesBuildPhase section */

/* Begin PBXShellScriptBuildPhase section */
		0C009DEF211EAEE89BC13116 /* [CP] Check Pods Manifest.lock */ = {
			isa = PBXShellScriptBuildPhase;
			buildActionMask = 2147483647;
			files = (
			);
			inputFileListPaths = (
			);
			inputPaths = (
				"${PODS_PODFILE_DIR_PATH}/Podfile.lock",
				"${PODS_ROOT}/Manifest.lock",
			);
			name = "[CP] Check Pods Manifest.lock";
			outputFileListPaths = (
			);
			outputPaths = (
				"$(DERIVED_FILE_DIR)/Pods-NFTests-checkManifestLockResult.txt",
			);
			runOnlyForDeploymentPostprocessing = 0;
			shellPath = /bin/sh;
			shellScript = "diff \"${PODS_PODFILE_DIR_PATH}/Podfile.lock\" \"${PODS_ROOT}/Manifest.lock\" > /dev/null\nif [ $? != 0 ] ; then\n    # print error to STDERR\n    echo \"error: The sandbox is not in sync with the Podfile.lock. Run 'pod install' or update your CocoaPods installation.\" >&2\n    exit 1\nfi\n# This output is used by Xcode 'outputs' to avoid re-running this script phase.\necho \"SUCCESS\" > \"${SCRIPT_OUTPUT_FILE_0}\"\n";
			showEnvVarsInLog = 0;
		};
		33A5025779571E7C67F7EF7A /* [CP] Embed Pods Frameworks */ = {
			isa = PBXShellScriptBuildPhase;
			buildActionMask = 2147483647;
			files = (
			);
			inputFileListPaths = (
				"${PODS_ROOT}/Target Support Files/Pods-NF/Pods-NF-frameworks-${CONFIGURATION}-input-files.xcfilelist",
			);
			name = "[CP] Embed Pods Frameworks";
			outputFileListPaths = (
				"${PODS_ROOT}/Target Support Files/Pods-NF/Pods-NF-frameworks-${CONFIGURATION}-output-files.xcfilelist",
			);
			runOnlyForDeploymentPostprocessing = 0;
			shellPath = /bin/sh;
			shellScript = "\"${PODS_ROOT}/Target Support Files/Pods-NF/Pods-NF-frameworks.sh\"\n";
			showEnvVarsInLog = 0;
		};
		738AF7A020F19BFA8A9DB600 /* [CP] Check Pods Manifest.lock */ = {
			isa = PBXShellScriptBuildPhase;
			buildActionMask = 2147483647;
			files = (
			);
			inputFileListPaths = (
			);
			inputPaths = (
				"${PODS_PODFILE_DIR_PATH}/Podfile.lock",
				"${PODS_ROOT}/Manifest.lock",
			);
			name = "[CP] Check Pods Manifest.lock";
			outputFileListPaths = (
			);
			outputPaths = (
				"$(DERIVED_FILE_DIR)/Pods-NF-checkManifestLockResult.txt",
			);
			runOnlyForDeploymentPostprocessing = 0;
			shellPath = /bin/sh;
			shellScript = "diff \"${PODS_PODFILE_DIR_PATH}/Podfile.lock\" \"${PODS_ROOT}/Manifest.lock\" > /dev/null\nif [ $? != 0 ] ; then\n    # print error to STDERR\n    echo \"error: The sandbox is not in sync with the Podfile.lock. Run 'pod install' or update your CocoaPods installation.\" >&2\n    exit 1\nfi\n# This output is used by Xcode 'outputs' to avoid re-running this script phase.\necho \"SUCCESS\" > \"${SCRIPT_OUTPUT_FILE_0}\"\n";
			showEnvVarsInLog = 0;
		};
		B3EE521D43ADCE6BEF77214F /* [CP] Embed Pods Frameworks */ = {
			isa = PBXShellScriptBuildPhase;
			buildActionMask = 2147483647;
			files = (
			);
			inputFileListPaths = (
				"${PODS_ROOT}/Target Support Files/Pods-NF-NFUITests/Pods-NF-NFUITests-frameworks-${CONFIGURATION}-input-files.xcfilelist",
			);
			name = "[CP] Embed Pods Frameworks";
			outputFileListPaths = (
				"${PODS_ROOT}/Target Support Files/Pods-NF-NFUITests/Pods-NF-NFUITests-frameworks-${CONFIGURATION}-output-files.xcfilelist",
			);
			runOnlyForDeploymentPostprocessing = 0;
			shellPath = /bin/sh;
			shellScript = "\"${PODS_ROOT}/Target Support Files/Pods-NF-NFUITests/Pods-NF-NFUITests-frameworks.sh\"\n";
			showEnvVarsInLog = 0;
		};
		C097881E26D21278C2CEADE1 /* [CP] Check Pods Manifest.lock */ = {
			isa = PBXShellScriptBuildPhase;
			buildActionMask = 2147483647;
			files = (
			);
			inputFileListPaths = (
			);
			inputPaths = (
				"${PODS_PODFILE_DIR_PATH}/Podfile.lock",
				"${PODS_ROOT}/Manifest.lock",
			);
			name = "[CP] Check Pods Manifest.lock";
			outputFileListPaths = (
			);
			outputPaths = (
				"$(DERIVED_FILE_DIR)/Pods-NF-NFUITests-checkManifestLockResult.txt",
			);
			runOnlyForDeploymentPostprocessing = 0;
			shellPath = /bin/sh;
			shellScript = "diff \"${PODS_PODFILE_DIR_PATH}/Podfile.lock\" \"${PODS_ROOT}/Manifest.lock\" > /dev/null\nif [ $? != 0 ] ; then\n    # print error to STDERR\n    echo \"error: The sandbox is not in sync with the Podfile.lock. Run 'pod install' or update your CocoaPods installation.\" >&2\n    exit 1\nfi\n# This output is used by Xcode 'outputs' to avoid re-running this script phase.\necho \"SUCCESS\" > \"${SCRIPT_OUTPUT_FILE_0}\"\n";
			showEnvVarsInLog = 0;
		};
/* End PBXShellScriptBuildPhase section */

/* Begin PBXSourcesBuildPhase section */
		E35F6D6D278A1E2D00BA4686 /* Sources */ = {
			isa = PBXSourcesBuildPhase;
			buildActionMask = 2147483647;
			files = (
				E308783B278A49B600F73D76 /* APIManager.swift in Sources */,
				E3F413EA278E94BB002018F8 /* RegisterViewController.swift in Sources */,
				E3087836278A43AF00F73D76 /* utilities.swift in Sources */,
				E35F6D79278A1E2D00BA4686 /* ViewController.swift in Sources */,
				E33A0ADF278F5AC800FD9E19 /* favorModel.swift in Sources */,
				E35F6D75278A1E2D00BA4686 /* AppDelegate.swift in Sources */,
				E3F413E8278E94A8002018F8 /* registerModel.swift in Sources */,
				E3F413EC278E94D6002018F8 /* RegisterTableViewCell.swift in Sources */,
				E33A0ADB278F527F00FD9E19 /* DashboardViewController.swift in Sources */,
				E35F6D77278A1E2D00BA4686 /* SceneDelegate.swift in Sources */,
				E33A0ADD278F5A7400FD9E19 /* FavorTableViewCell.swift in Sources */,
				E3087834278A3ABE00F73D76 /* LoginViewController.swift in Sources */,
				E3087839278A492C00F73D76 /* loginModel.swift in Sources */,
				E308782F278A39AC00F73D76 /* constants.swift in Sources */,
			);
			runOnlyForDeploymentPostprocessing = 0;
		};
		E35F6D83278A1E2E00BA4686 /* Sources */ = {
			isa = PBXSourcesBuildPhase;
			buildActionMask = 2147483647;
			files = (
				E35F6D8C278A1E2E00BA4686 /* NFTests.swift in Sources */,
			);
			runOnlyForDeploymentPostprocessing = 0;
		};
		E35F6D8D278A1E2E00BA4686 /* Sources */ = {
			isa = PBXSourcesBuildPhase;
			buildActionMask = 2147483647;
			files = (
				E35F6D98278A1E2E00BA4686 /* NFUITestsLaunchTests.swift in Sources */,
				E35F6D96278A1E2E00BA4686 /* NFUITests.swift in Sources */,
			);
			runOnlyForDeploymentPostprocessing = 0;
		};
/* End PBXSourcesBuildPhase section */

/* Begin PBXTargetDependency section */
		E35F6D89278A1E2E00BA4686 /* PBXTargetDependency */ = {
			isa = PBXTargetDependency;
			target = E35F6D70278A1E2D00BA4686 /* NF */;
			targetProxy = E35F6D88278A1E2E00BA4686 /* PBXContainerItemProxy */;
		};
		E35F6D93278A1E2E00BA4686 /* PBXTargetDependency */ = {
			isa = PBXTargetDependency;
			target = E35F6D70278A1E2D00BA4686 /* NF */;
			targetProxy = E35F6D92278A1E2E00BA4686 /* PBXContainerItemProxy */;
		};
/* End PBXTargetDependency section */

/* Begin PBXVariantGroup section */
		E35F6D7A278A1E2D00BA4686 /* Main.storyboard */ = {
			isa = PBXVariantGroup;
			children = (
				E35F6D7B278A1E2D00BA4686 /* Base */,
			);
			name = Main.storyboard;
			sourceTree = "<group>";
		};
		E35F6D7F278A1E2E00BA4686 /* LaunchScreen.storyboard */ = {
			isa = PBXVariantGroup;
			children = (
				E35F6D80278A1E2E00BA4686 /* Base */,
			);
			name = LaunchScreen.storyboard;
			sourceTree = "<group>";
		};
/* End PBXVariantGroup section */

/* Begin XCBuildConfiguration section */
		E35F6D99278A1E2E00BA4686 /* Debug */ = {
			isa = XCBuildConfiguration;
			buildSettings = {
				ALWAYS_SEARCH_USER_PATHS = NO;
				CLANG_ANALYZER_NONNULL = YES;
				CLANG_ANALYZER_NUMBER_OBJECT_CONVERSION = YES_AGGRESSIVE;
				CLANG_CXX_LANGUAGE_STANDARD = "gnu++17";
				CLANG_CXX_LIBRARY = "libc++";
				CLANG_ENABLE_MODULES = YES;
				CLANG_ENABLE_OBJC_ARC = YES;
				CLANG_ENABLE_OBJC_WEAK = YES;
				CLANG_WARN_BLOCK_CAPTURE_AUTORELEASING = YES;
				CLANG_WARN_BOOL_CONVERSION = YES;
				CLANG_WARN_COMMA = YES;
				CLANG_WARN_CONSTANT_CONVERSION = YES;
				CLANG_WARN_DEPRECATED_OBJC_IMPLEMENTATIONS = YES;
				CLANG_WARN_DIRECT_OBJC_ISA_USAGE = YES_ERROR;
				CLANG_WARN_DOCUMENTATION_COMMENTS = YES;
				CLANG_WARN_EMPTY_BODY = YES;
				CLANG_WARN_ENUM_CONVERSION = YES;
				CLANG_WARN_INFINITE_RECURSION = YES;
				CLANG_WARN_INT_CONVERSION = YES;
				CLANG_WARN_NON_LITERAL_NULL_CONVERSION = YES;
				CLANG_WARN_OBJC_IMPLICIT_RETAIN_SELF = YES;
				CLANG_WARN_OBJC_LITERAL_CONVERSION = YES;
				CLANG_WARN_OBJC_ROOT_CLASS = YES_ERROR;
				CLANG_WARN_QUOTED_INCLUDE_IN_FRAMEWORK_HEADER = YES;
				CLANG_WARN_RANGE_LOOP_ANALYSIS = YES;
				CLANG_WARN_STRICT_PROTOTYPES = YES;
				CLANG_WARN_SUSPICIOUS_MOVE = YES;
				CLANG_WARN_UNGUARDED_AVAILABILITY = YES_AGGRESSIVE;
				CLANG_WARN_UNREACHABLE_CODE = YES;
				CLANG_WARN__DUPLICATE_METHOD_MATCH = YES;
				COPY_PHASE_STRIP = NO;
				DEBUG_INFORMATION_FORMAT = dwarf;
				ENABLE_STRICT_OBJC_MSGSEND = YES;
				ENABLE_TESTABILITY = YES;
				GCC_C_LANGUAGE_STANDARD = gnu11;
				GCC_DYNAMIC_NO_PIC = NO;
				GCC_NO_COMMON_BLOCKS = YES;
				GCC_OPTIMIZATION_LEVEL = 0;
				GCC_PREPROCESSOR_DEFINITIONS = (
					"DEBUG=1",
					"$(inherited)",
				);
				GCC_WARN_64_TO_32_BIT_CONVERSION = YES;
				GCC_WARN_ABOUT_RETURN_TYPE = YES_ERROR;
				GCC_WARN_UNDECLARED_SELECTOR = YES;
				GCC_WARN_UNINITIALIZED_AUTOS = YES_AGGRESSIVE;
				GCC_WARN_UNUSED_FUNCTION = YES;
				GCC_WARN_UNUSED_VARIABLE = YES;
				IPHONEOS_DEPLOYMENT_TARGET = 15.2;
				MTL_ENABLE_DEBUG_INFO = INCLUDE_SOURCE;
				MTL_FAST_MATH = YES;
				ONLY_ACTIVE_ARCH = YES;
				SDKROOT = iphoneos;
				SWIFT_ACTIVE_COMPILATION_CONDITIONS = DEBUG;
				SWIFT_OPTIMIZATION_LEVEL = "-Onone";
			};
			name = Debug;
		};
		E35F6D9A278A1E2E00BA4686 /* Release */ = {
			isa = XCBuildConfiguration;
			buildSettings = {
				ALWAYS_SEARCH_USER_PATHS = NO;
				CLANG_ANALYZER_NONNULL = YES;
				CLANG_ANALYZER_NUMBER_OBJECT_CONVERSION = YES_AGGRESSIVE;
				CLANG_CXX_LANGUAGE_STANDARD = "gnu++17";
				CLANG_CXX_LIBRARY = "libc++";
				CLANG_ENABLE_MODULES = YES;
				CLANG_ENABLE_OBJC_ARC = YES;
				CLANG_ENABLE_OBJC_WEAK = YES;
				CLANG_WARN_BLOCK_CAPTURE_AUTORELEASING = YES;
				CLANG_WARN_BOOL_CONVERSION = YES;
				CLANG_WARN_COMMA = YES;
				CLANG_WARN_CONSTANT_CONVERSION = YES;
				CLANG_WARN_DEPRECATED_OBJC_IMPLEMENTATIONS = YES;
				CLANG_WARN_DIRECT_OBJC_ISA_USAGE = YES_ERROR;
				CLANG_WARN_DOCUMENTATION_COMMENTS = YES;
				CLANG_WARN_EMPTY_BODY = YES;
				CLANG_WARN_ENUM_CONVERSION = YES;
				CLANG_WARN_INFINITE_RECURSION = YES;
				CLANG_WARN_INT_CONVERSION = YES;
				CLANG_WARN_NON_LITERAL_NULL_CONVERSION = YES;
				CLANG_WARN_OBJC_IMPLICIT_RETAIN_SELF = YES;
				CLANG_WARN_OBJC_LITERAL_CONVERSION = YES;
				CLANG_WARN_OBJC_ROOT_CLASS = YES_ERROR;
				CLANG_WARN_QUOTED_INCLUDE_IN_FRAMEWORK_HEADER = YES;
				CLANG_WARN_RANGE_LOOP_ANALYSIS = YES;
				CLANG_WARN_STRICT_PROTOTYPES = YES;
				CLANG_WARN_SUSPICIOUS_MOVE = YES;
				CLANG_WARN_UNGUARDED_AVAILABILITY = YES_AGGRESSIVE;
				CLANG_WARN_UNREACHABLE_CODE = YES;
				CLANG_WARN__DUPLICATE_METHOD_MATCH = YES;
				COPY_PHASE_STRIP = NO;
				DEBUG_INFORMATION_FORMAT = "dwarf-with-dsym";
				ENABLE_NS_ASSERTIONS = NO;
				ENABLE_STRICT_OBJC_MSGSEND = YES;
				GCC_C_LANGUAGE_STANDARD = gnu11;
				GCC_NO_COMMON_BLOCKS = YES;
				GCC_WARN_64_TO_32_BIT_CONVERSION = YES;
				GCC_WARN_ABOUT_RETURN_TYPE = YES_ERROR;
				GCC_WARN_UNDECLARED_SELECTOR = YES;
				GCC_WARN_UNINITIALIZED_AUTOS = YES_AGGRESSIVE;
				GCC_WARN_UNUSED_FUNCTION = YES;
				GCC_WARN_UNUSED_VARIABLE = YES;
				IPHONEOS_DEPLOYMENT_TARGET = 15.2;
				MTL_ENABLE_DEBUG_INFO = NO;
				MTL_FAST_MATH = YES;
				SDKROOT = iphoneos;
				SWIFT_COMPILATION_MODE = wholemodule;
				SWIFT_OPTIMIZATION_LEVEL = "-O";
				VALIDATE_PRODUCT = YES;
			};
			name = Release;
		};
		E35F6D9C278A1E2E00BA4686 /* Debug */ = {
			isa = XCBuildConfiguration;
			baseConfigurationReference = 44B52BC035111E298F3816E1 /* Pods-NF.debug.xcconfig */;
			buildSettings = {
				ASSETCATALOG_COMPILER_APPICON_NAME = AppIcon;
				ASSETCATALOG_COMPILER_GLOBAL_ACCENT_COLOR_NAME = AccentColor;
				CODE_SIGN_STYLE = Automatic;
				CURRENT_PROJECT_VERSION = 1;
				DEVELOPMENT_TEAM = 6YZ5WQ799J;
				GENERATE_INFOPLIST_FILE = YES;
				INFOPLIST_FILE = NF/Info.plist;
				INFOPLIST_KEY_UIApplicationSupportsIndirectInputEvents = YES;
				INFOPLIST_KEY_UILaunchStoryboardName = LaunchScreen;
				INFOPLIST_KEY_UIMainStoryboardFile = Main;
				INFOPLIST_KEY_UISupportedInterfaceOrientations_iPad = "UIInterfaceOrientationPortrait UIInterfaceOrientationPortraitUpsideDown UIInterfaceOrientationLandscapeLeft UIInterfaceOrientationLandscapeRight";
				INFOPLIST_KEY_UISupportedInterfaceOrientations_iPhone = "UIInterfaceOrientationPortrait UIInterfaceOrientationLandscapeLeft UIInterfaceOrientationLandscapeRight";
				LD_RUNPATH_SEARCH_PATHS = (
					"$(inherited)",
					"@executable_path/Frameworks",
				);
				MARKETING_VERSION = 1.0;
				PRODUCT_BUNDLE_IDENTIFIER = com.anntade.NF;
				PRODUCT_NAME = "$(TARGET_NAME)";
				SWIFT_EMIT_LOC_STRINGS = YES;
				SWIFT_VERSION = 5.0;
				TARGETED_DEVICE_FAMILY = "1,2";
			};
			name = Debug;
		};
		E35F6D9D278A1E2E00BA4686 /* Release */ = {
			isa = XCBuildConfiguration;
			baseConfigurationReference = 5374AD4F2C02162767C1EB8A /* Pods-NF.release.xcconfig */;
			buildSettings = {
				ASSETCATALOG_COMPILER_APPICON_NAME = AppIcon;
				ASSETCATALOG_COMPILER_GLOBAL_ACCENT_COLOR_NAME = AccentColor;
				CODE_SIGN_STYLE = Automatic;
				CURRENT_PROJECT_VERSION = 1;
				DEVELOPMENT_TEAM = 6YZ5WQ799J;
				GENERATE_INFOPLIST_FILE = YES;
				INFOPLIST_FILE = NF/Info.plist;
				INFOPLIST_KEY_UIApplicationSupportsIndirectInputEvents = YES;
				INFOPLIST_KEY_UILaunchStoryboardName = LaunchScreen;
				INFOPLIST_KEY_UIMainStoryboardFile = Main;
				INFOPLIST_KEY_UISupportedInterfaceOrientations_iPad = "UIInterfaceOrientationPortrait UIInterfaceOrientationPortraitUpsideDown UIInterfaceOrientationLandscapeLeft UIInterfaceOrientationLandscapeRight";
				INFOPLIST_KEY_UISupportedInterfaceOrientations_iPhone = "UIInterfaceOrientationPortrait UIInterfaceOrientationLandscapeLeft UIInterfaceOrientationLandscapeRight";
				LD_RUNPATH_SEARCH_PATHS = (
					"$(inherited)",
					"@executable_path/Frameworks",
				);
				MARKETING_VERSION = 1.0;
				PRODUCT_BUNDLE_IDENTIFIER = com.anntade.NF;
				PRODUCT_NAME = "$(TARGET_NAME)";
				SWIFT_EMIT_LOC_STRINGS = YES;
				SWIFT_VERSION = 5.0;
				TARGETED_DEVICE_FAMILY = "1,2";
			};
			name = Release;
		};
		E35F6D9F278A1E2E00BA4686 /* Debug */ = {
			isa = XCBuildConfiguration;
			baseConfigurationReference = 3424E3E64F482CFE02603D78 /* Pods-NFTests.debug.xcconfig */;
			buildSettings = {
				ALWAYS_EMBED_SWIFT_STANDARD_LIBRARIES = YES;
				BUNDLE_LOADER = "$(TEST_HOST)";
				CODE_SIGN_STYLE = Automatic;
				CURRENT_PROJECT_VERSION = 1;
				DEVELOPMENT_TEAM = 6YZ5WQ799J;
				GENERATE_INFOPLIST_FILE = YES;
				IPHONEOS_DEPLOYMENT_TARGET = 15.2;
				MARKETING_VERSION = 1.0;
				PRODUCT_BUNDLE_IDENTIFIER = com.anntade.NFTests;
				PRODUCT_NAME = "$(TARGET_NAME)";
				SWIFT_EMIT_LOC_STRINGS = NO;
				SWIFT_VERSION = 5.0;
				TARGETED_DEVICE_FAMILY = "1,2";
				TEST_HOST = "$(BUILT_PRODUCTS_DIR)/NF.app/NF";
			};
			name = Debug;
		};
		E35F6DA0278A1E2E00BA4686 /* Release */ = {
			isa = XCBuildConfiguration;
			baseConfigurationReference = 3C630F1B99DEA357676C2C1A /* Pods-NFTests.release.xcconfig */;
			buildSettings = {
				ALWAYS_EMBED_SWIFT_STANDARD_LIBRARIES = YES;
				BUNDLE_LOADER = "$(TEST_HOST)";
				CODE_SIGN_STYLE = Automatic;
				CURRENT_PROJECT_VERSION = 1;
				DEVELOPMENT_TEAM = 6YZ5WQ799J;
				GENERATE_INFOPLIST_FILE = YES;
				IPHONEOS_DEPLOYMENT_TARGET = 15.2;
				MARKETING_VERSION = 1.0;
				PRODUCT_BUNDLE_IDENTIFIER = com.anntade.NFTests;
				PRODUCT_NAME = "$(TARGET_NAME)";
				SWIFT_EMIT_LOC_STRINGS = NO;
				SWIFT_VERSION = 5.0;
				TARGETED_DEVICE_FAMILY = "1,2";
				TEST_HOST = "$(BUILT_PRODUCTS_DIR)/NF.app/NF";
			};
			name = Release;
		};
		E35F6DA2278A1E2E00BA4686 /* Debug */ = {
			isa = XCBuildConfiguration;
			baseConfigurationReference = 15B698A0A0252EA51C8BCF9E /* Pods-NF-NFUITests.debug.xcconfig */;
			buildSettings = {
				ALWAYS_EMBED_SWIFT_STANDARD_LIBRARIES = YES;
				CODE_SIGN_STYLE = Automatic;
				CURRENT_PROJECT_VERSION = 1;
				DEVELOPMENT_TEAM = 6YZ5WQ799J;
				GENERATE_INFOPLIST_FILE = YES;
				MARKETING_VERSION = 1.0;
				PRODUCT_BUNDLE_IDENTIFIER = com.anntade.NFUITests;
				PRODUCT_NAME = "$(TARGET_NAME)";
				SWIFT_EMIT_LOC_STRINGS = NO;
				SWIFT_VERSION = 5.0;
				TARGETED_DEVICE_FAMILY = "1,2";
				TEST_TARGET_NAME = NF;
			};
			name = Debug;
		};
		E35F6DA3278A1E2E00BA4686 /* Release */ = {
			isa = XCBuildConfiguration;
			baseConfigurationReference = A1B7F6DE2698E7840E58CD5E /* Pods-NF-NFUITests.release.xcconfig */;
			buildSettings = {
				ALWAYS_EMBED_SWIFT_STANDARD_LIBRARIES = YES;
				CODE_SIGN_STYLE = Automatic;
				CURRENT_PROJECT_VERSION = 1;
				DEVELOPMENT_TEAM = 6YZ5WQ799J;
				GENERATE_INFOPLIST_FILE = YES;
				MARKETING_VERSION = 1.0;
				PRODUCT_BUNDLE_IDENTIFIER = com.anntade.NFUITests;
				PRODUCT_NAME = "$(TARGET_NAME)";
				SWIFT_EMIT_LOC_STRINGS = NO;
				SWIFT_VERSION = 5.0;
				TARGETED_DEVICE_FAMILY = "1,2";
				TEST_TARGET_NAME = NF;
			};
			name = Release;
		};
/* End XCBuildConfiguration section */

/* Begin XCConfigurationList section */
		E35F6D6C278A1E2D00BA4686 /* Build configuration list for PBXProject "NF" */ = {
			isa = XCConfigurationList;
			buildConfigurations = (
				E35F6D99278A1E2E00BA4686 /* Debug */,
				E35F6D9A278A1E2E00BA4686 /* Release */,
			);
			defaultConfigurationIsVisible = 0;
			defaultConfigurationName = Release;
		};
		E35F6D9B278A1E2E00BA4686 /* Build configuration list for PBXNativeTarget "NF" */ = {
			isa = XCConfigurationList;
			buildConfigurations = (
				E35F6D9C278A1E2E00BA4686 /* Debug */,
				E35F6D9D278A1E2E00BA4686 /* Release */,
			);
			defaultConfigurationIsVisible = 0;
			defaultConfigurationName = Release;
		};
		E35F6D9E278A1E2E00BA4686 /* Build configuration list for PBXNativeTarget "NFTests" */ = {
			isa = XCConfigurationList;
			buildConfigurations = (
				E35F6D9F278A1E2E00BA4686 /* Debug */,
				E35F6DA0278A1E2E00BA4686 /* Release */,
			);
			defaultConfigurationIsVisible = 0;
			defaultConfigurationName = Release;
		};
		E35F6DA1278A1E2E00BA4686 /* Build configuration list for PBXNativeTarget "NFUITests" */ = {
			isa = XCConfigurationList;
			buildConfigurations = (
				E35F6DA2278A1E2E00BA4686 /* Debug */,
				E35F6DA3278A1E2E00BA4686 /* Release */,
			);
			defaultConfigurationIsVisible = 0;
			defaultConfigurationName = Release;
		};
/* End XCConfigurationList section */
	};
	rootObject = E35F6D69278A1E2D00BA4686 /* Project object */;
}
